
Microsoft Visual Studio Solution File, Format Version 12.00
# Visual Studio 15
VisualStudioVersion = 15.0.28307.960
MinimumVisualStudioVersion = 10.0.40219.1
Project("{FAE04EC0-301F-11D3-BF4B-00C04F79EFBC}") = "ProjeMvcLibrary", "ProjeMvcLibrary\ProjeMvcLibrary.csproj", "{52A8C386-7AD1-4D2E-AF38-F4B655A802E4}"
EndProject
Global
	GlobalSection(SolutionConfigurationPlatforms) = preSolution
		Debug|Any CPU = Debug|Any CPU
		Release|Any CPU = Release|Any CPU
	EndGlobalSection
	GlobalSection(ProjectConfigurationPlatforms) = postSolution
		{52A8C386-7AD1-4D2E-AF38-F4B655A802E4}.Debug|Any CPU.ActiveCfg = Debug|Any CPU
		{52A8C386-7AD1-4D2E-AF38-F4B655A802E4}.Debug|Any CPU.Build.0 = Debug|Any CPU
		{52A8C386-7AD1-4D2E-AF38-F4B655A802E4}.Release|Any CPU.ActiveCfg = Release|Any CPU
		{52A8C386-7AD1-4D2E-AF38-F4B655A802E4}.Release|Any CPU.Build.0 = Release|Any CPU
	EndGlobalSection
	GlobalSection(SolutionProperties) = preSolution
		HideSolutionNode = FALSE
	EndGlobalSection
	GlobalSection(ExtensibilityGlobals) = postSolution
		SolutionGuid = {69D10E59-5F46-497F-811B-15C062D1C0A3}
	EndGlobalSection
EndGlobal
