
Microsoft Visual Studio Solution File, Format Version 12.00
# Visual Studio 15
VisualStudioVersion = 15.0.28307.960
MinimumVisualStudioVersion = 10.0.40219.1
Project("{FAE04EC0-301F-11D3-BF4B-00C04F79EFBC}") = "ProjeMvcOrganikBesinler", "ProjeMvcOrganikBesinler\ProjeMvcOrganikBesinler.csproj", "{5076F415-71C8-4307-8DF3-E88DB54669BE}"
EndProject
Global
	GlobalSection(SolutionConfigurationPlatforms) = preSolution
		Debug|Any CPU = Debug|Any CPU
		Release|Any CPU = Release|Any CPU
	EndGlobalSection
	GlobalSection(ProjectConfigurationPlatforms) = postSolution
		{5076F415-71C8-4307-8DF3-E88DB54669BE}.Debug|Any CPU.ActiveCfg = Debug|Any CPU
		{5076F415-71C8-4307-8DF3-E88DB54669BE}.Debug|Any CPU.Build.0 = Debug|Any CPU
		{5076F415-71C8-4307-8DF3-E88DB54669BE}.Release|Any CPU.ActiveCfg = Release|Any CPU
		{5076F415-71C8-4307-8DF3-E88DB54669BE}.Release|Any CPU.Build.0 = Release|Any CPU
	EndGlobalSection
	GlobalSection(SolutionProperties) = preSolution
		HideSolutionNode = FALSE
	EndGlobalSection
	GlobalSection(ExtensibilityGlobals) = postSolution
		SolutionGuid = {3E9FA902-2F97-49CF-BB2F-B087AE481FA0}
	EndGlobalSection
EndGlobal
